// !$*UTF8*$!
{
	archiveVersion = 1;
	classes = {
	};
	objectVersion = 50;
	objects = {

/* Begin PBXBuildFile section */
		483515FA226A2A3400547968 /* AppDelegate.m in Sources */ = {isa = PBXBuildFile; fileRef = 483515F9226A2A3400547968 /* AppDelegate.m */; };
		483515FD226A2A3400547968 /* ViewController.m in Sources */ = {isa = PBXBuildFile; fileRef = 483515FC226A2A3400547968 /* ViewController.m */; };
		48351600226A2A3400547968 /* Main.storyboard in Resources */ = {isa = PBXBuildFile; fileRef = 483515FE226A2A3400547968 /* Main.storyboard */; };
		48351602226A2A3600547968 /* Assets.xcassets in Resources */ = {isa = PBXBuildFile; fileRef = 48351601226A2A3600547968 /* Assets.xcassets */; };
		48351605226A2A3600547968 /* LaunchScreen.storyboard in Resources */ = {isa = PBXBuildFile; fileRef = 48351603226A2A3600547968 /* LaunchScreen.storyboard */; };
		48351608226A2A3600547968 /* main.m in Sources */ = {isa = PBXBuildFile; fileRef = 48351607226A2A3600547968 /* main.m */; };
		4835160F226AE8EA00547968 /* index.html in Resources */ = {isa = PBXBuildFile; fileRef = 4835160E226AE8EA00547968 /* index.html */; };
/* End PBXBuildFile section */

/* Begin PBXFileReference section */
		483515F5226A2A3400547968 /* URLSchemeHandlerTest.app */ = {isa = PBXFileReference; explicitFileType = wrapper.application; includeInIndex = 0; path = URLSchemeHandlerTest.app; sourceTree = BUILT_PRODUCTS_DIR; };
		483515F8226A2A3400547968 /* AppDelegate.h */ = {isa = PBXFileReference; lastKnownFileType = sourcecode.c.h; path = AppDelegate.h; sourceTree = "<group>"; };
		483515F9226A2A3400547968 /* AppDelegate.m */ = {isa = PBXFileReference; lastKnownFileType = sourcecode.c.objc; path = AppDelegate.m; sourceTree = "<group>"; };
		483515FB226A2A3400547968 /* ViewController.h */ = {isa = PBXFileReference; lastKnownFileType = sourcecode.c.h; path = ViewController.h; sourceTree = "<group>"; };
		483515FC226A2A3400547968 /* ViewController.m */ = {isa = PBXFileReference; lastKnownFileType = sourcecode.c.objc; path = ViewController.m; sourceTree = "<group>"; };
		483515FF226A2A3400547968 /* Base */ = {isa = PBXFileReference; lastKnownFileType = file.storyboard; name = Base; path = Base.lproj/Main.storyboard; sourceTree = "<group>"; };
		48351601226A2A3600547968 /* Assets.xcassets */ = {isa = PBXFileReference; lastKnownFileType = folder.assetcatalog; path = Assets.xcassets; sourceTree = "<group>"; };
		48351604226A2A3600547968 /* Base */ = {isa = PBXFileReference; lastKnownFileType = file.storyboard; name = Base; path = Base.lproj/LaunchScreen.storyboard; sourceTree = "<group>"; };
		48351606226A2A3600547968 /* Info.plist */ = {isa = PBXFileReference; lastKnownFileType = text.plist.xml; path = Info.plist; sourceTree = "<group>"; };
		48351607226A2A3600547968 /* main.m */ = {isa = PBXFileReference; lastKnownFileType = sourcecode.c.objc; path = main.m; sourceTree = "<group>"; };
		4835160E226AE8EA00547968 /* index.html */ = {isa = PBXFileReference; fileEncoding = 4; lastKnownFileType = text.html; path = index.html; sourceTree = "<group>"; };
/* End PBXFileReference section */

/* Begin PBXFrameworksBuildPhase section */
		483515F2226A2A3400547968 /* Frameworks */ = {
			isa = PBXFrameworksBuildPhase;
			buildActionMask = 2147483647;
			files = (
			);
			runOnlyForDeploymentPostprocessing = 0;
		};
/* End PBXFrameworksBuildPhase section */

/* Begin PBXGroup section */
		483515EC226A2A3400547968 = {
			isa = PBXGroup;
			children = (
				483515F7226A2A3400547968 /* URLSchemeHandlerTest */,
				483515F6226A2A3400547968 /* Products */,
			);
			sourceTree = "<group>";
		};
		483515F6226A2A3400547968 /* Products */ = {
			isa = PBXGroup;
			children = (
				483515F5226A2A3400547968 /* URLSchemeHandlerTest.app */,
			);
			name = Products;
			sourceTree = "<group>";
		};
		483515F7226A2A3400547968 /* URLSchemeHandlerTest */ = {
			isa = PBXGroup;
			children = (
				4835160E226AE8EA00547968 /* index.html */,
				483515F8226A2A3400547968 /* AppDelegate.h */,
				483515F9226A2A3400547968 /* AppDelegate.m */,
				483515FB226A2A3400547968 /* ViewController.h */,
				483515FC226A2A3400547968 /* ViewController.m */,
				483515FE226A2A3400547968 /* Main.storyboard */,
				48351601226A2A3600547968 /* Assets.xcassets */,
				48351603226A2A3600547968 /* LaunchScreen.storyboard */,
				48351606226A2A3600547968 /* Info.plist */,
				48351607226A2A3600547968 /* main.m */,
			);
			path = URLSchemeHandlerTest;
			sourceTree = "<group>";
		};
/* End PBXGroup section */

/* Begin PBXNativeTarget section */
		483515F4226A2A3400547968 /* URLSchemeHandlerTest */ = {
			isa = PBXNativeTarget;
			buildConfigurationList = 4835160B226A2A3600547968 /* Build configuration list for PBXNativeTarget "URLSchemeHandlerTest" */;
			buildPhases = (
				483515F1226A2A3400547968 /* Sources */,
				483515F2226A2A3400547968 /* Frameworks */,
				483515F3226A2A3400547968 /* Resources */,
			);
			buildRules = (
			);
			dependencies = (
			);
			name = URLSchemeHandlerTest;
			productName = URLSchemeHandlerTest;
			productReference = 483515F5226A2A3400547968 /* URLSchemeHandlerTest.app */;
			productType = "com.apple.product-type.application";
		};
/* End PBXNativeTarget section */

/* Begin PBXProject section */
		483515ED226A2A3400547968 /* Project object */ = {
			isa = PBXProject;
			attributes = {
				LastUpgradeCheck = 1020;
				ORGANIZATIONNAME = liang;
				TargetAttributes = {
					483515F4226A2A3400547968 = {
						CreatedOnToolsVersion = 10.2.1;
					};
				};
			};
			buildConfigurationList = 483515F0226A2A3400547968 /* Build configuration list for PBXProject "URLSchemeHandlerTest" */;
			compatibilityVersion = "Xcode 9.3";
			developmentRegion = en;
			hasScannedForEncodings = 0;
			knownRegions = (
				en,
				Base,
			);
			mainGroup = 483515EC226A2A3400547968;
			productRefGroup = 483515F6226A2A3400547968 /* Products */;
			projectDirPath = "";
			projectRoot = "";
			targets = (
				483515F4226A2A3400547968 /* URLSchemeHandlerTest */,
			);
		};
/* End PBXProject section */

/* Begin PBXResourcesBuildPhase section */
		483515F3226A2A3400547968 /* Resources */ = {
			isa = PBXResourcesBuildPhase;
			buildActionMask = 2147483647;
			files = (
				48351605226A2A3600547968 /* LaunchScreen.storyboard in Resources */,
				4835160F226AE8EA00547968 /* index.html in Resources */,
				48351602226A2A3600547968 /* Assets.xcassets in Resources */,
				48351600226A2A3400547968 /* Main.storyboard in Resources */,
			);
			runOnlyForDeploymentPostprocessing = 0;
		};
/* End PBXResourcesBuildPhase section */

/* Begin PBXSourcesBuildPhase section */
		483515F1226A2A3400547968 /* Sources */ = {
			isa = PBXSourcesBuildPhase;
			buildActionMask = 2147483647;
			files = (
				483515FD226A2A3400547968 /* ViewController.m in Sources */,
				48351608226A2A3600547968 /* main.m in Sources */,
				483515FA226A2A3400547968 /* AppDelegate.m in Sources */,
			);
			runOnlyForDeploymentPostprocessing = 0;
		};
/* End PBXSourcesBuildPhase section */

/* Begin PBXVariantGroup section */
		483515FE226A2A3400547968 /* Main.storyboard */ = {
			isa = PBXVariantGroup;
			children = (
				483515FF226A2A3400547968 /* Base */,
			);
			name = Main.storyboard;
			sourceTree = "<group>";
		};
		48351603226A2A3600547968 /* LaunchScreen.storyboard */ = {
			isa = PBXVariantGroup;
			children = (
				48351604226A2A3600547968 /* Base */,
			);
			name = LaunchScreen.storyboard;
			sourceTree = "<group>";
		};
/* End PBXVariantGroup section */

/* Begin XCBuildConfiguration section */
		48351609226A2A3600547968 /* Debug */ = {
			isa = XCBuildConfiguration;
			buildSettings = {
				ALWAYS_SEARCH_USER_PATHS = NO;
				CLANG_ANALYZER_NONNULL = YES;
				CLANG_ANALYZER_NUMBER_OBJECT_CONVERSION = YES_AGGRESSIVE;
				CLANG_CXX_LANGUAGE_STANDARD = "gnu++14";
				CLANG_CXX_LIBRARY = "libc++";
				CLANG_ENABLE_MODULES = YES;
				CLANG_ENABLE_OBJC_ARC = YES;
				CLANG_ENABLE_OBJC_WEAK = YES;
				CLANG_WARN_BLOCK_CAPTURE_AUTORELEASING = YES;
				CLANG_WARN_BOOL_CONVERSION = YES;
				CLANG_WARN_COMMA = YES;
				CLANG_WARN_CONSTANT_CONVERSION = YES;
				CLANG_WARN_DEPRECATED_OBJC_IMPLEMENTATIONS = YES;
				CLANG_WARN_DIRECT_OBJC_ISA_USAGE = YES_ERROR;
				CLANG_WARN_DOCUMENTATION_COMMENTS = YES;
				CLANG_WARN_EMPTY_BODY = YES;
				CLANG_WARN_ENUM_CONVERSION = YES;
				CLANG_WARN_INFINITE_RECURSION = YES;
				CLANG_WARN_INT_CONVERSION = YES;
				CLANG_WARN_NON_LITERAL_NULL_CONVERSION = YES;
				CLANG_WARN_OBJC_IMPLICIT_RETAIN_SELF = YES;
				CLANG_WARN_OBJC_LITERAL_CONVERSION = YES;
				CLANG_WARN_OBJC_ROOT_CLASS = YES_ERROR;
				CLANG_WARN_RANGE_LOOP_ANALYSIS = YES;
				CLANG_WARN_STRICT_PROTOTYPES = YES;
				CLANG_WARN_SUSPICIOUS_MOVE = YES;
				CLANG_WARN_UNGUARDED_AVAILABILITY = YES_AGGRESSIVE;
				CLANG_WARN_UNREACHABLE_CODE = YES;
				CLANG_WARN__DUPLICATE_METHOD_MATCH = YES;
				CODE_SIGN_IDENTITY = "iPhone Developer";
				COPY_PHASE_STRIP = NO;
				DEBUG_INFORMATION_FORMAT = dwarf;
				ENABLE_STRICT_OBJC_MSGSEND = YES;
				ENABLE_TESTABILITY = YES;
				GCC_C_LANGUAGE_STANDARD = gnu11;
				GCC_DYNAMIC_NO_PIC = NO;
				GCC_NO_COMMON_BLOCKS = YES;
				GCC_OPTIMIZATION_LEVEL = 0;
				GCC_PREPROCESSOR_DEFINITIONS = (
					"DEBUG=1",
					"$(inherited)",
				);
				GCC_WARN_64_TO_32_BIT_CONVERSION = YES;
				GCC_WARN_ABOUT_RETURN_TYPE = YES_ERROR;
				GCC_WARN_UNDECLARED_SELECTOR = YES;
				GCC_WARN_UNINITIALIZED_AUTOS = YES_AGGRESSIVE;
				GCC_WARN_UNUSED_FUNCTION = YES;
				GCC_WARN_UNUSED_VARIABLE = YES;
				IPHONEOS_DEPLOYMENT_TARGET = 12.2;
				MTL_ENABLE_DEBUG_INFO = INCLUDE_SOURCE;
				MTL_FAST_MATH = YES;
				ONLY_ACTIVE_ARCH = YES;
				SDKROOT = iphoneos;
			};
			name = Debug;
		};
		4835160A226A2A3600547968 /* Release */ = {
			isa = XCBuildConfiguration;
			buildSettings = {
				ALWAYS_SEARCH_USER_PATHS = NO;
				CLANG_ANALYZER_NONNULL = YES;
				CLANG_ANALYZER_NUMBER_OBJECT_CONVERSION = YES_AGGRESSIVE;
				CLANG_CXX_LANGUAGE_STANDARD = "gnu++14";
				CLANG_CXX_LIBRARY = "libc++";
				CLANG_ENABLE_MODULES = YES;
				CLANG_ENABLE_OBJC_ARC = YES;
				CLANG_ENABLE_OBJC_WEAK = YES;
				CLANG_WARN_BLOCK_CAPTURE_AUTORELEASING = YES;
				CLANG_WARN_BOOL_CONVERSION = YES;
				CLANG_WARN_COMMA = YES;
				CLANG_WARN_CONSTANT_CONVERSION = YES;
				CLANG_WARN_DEPRECATED_OBJC_IMPLEMENTATIONS = YES;
				CLANG_WARN_DIRECT_OBJC_ISA_USAGE = YES_ERROR;
				CLANG_WARN_DOCUMENTATION_COMMENTS = YES;
				CLANG_WARN_EMPTY_BODY = YES;
				CLANG_WARN_ENUM_CONVERSION = YES;
				CLANG_WARN_INFINITE_RECURSION = YES;
				CLANG_WARN_INT_CONVERSION = YES;
				CLANG_WARN_NON_LITERAL_NULL_CONVERSION = YES;
				CLANG_WARN_OBJC_IMPLICIT_RETAIN_SELF = YES;
				CLANG_WARN_OBJC_LITERAL_CONVERSION = YES;
				CLANG_WARN_OBJC_ROOT_CLASS = YES_ERROR;
				CLANG_WARN_RANGE_LOOP_ANALYSIS = YES;
				CLANG_WARN_STRICT_PROTOTYPES = YES;
				CLANG_WARN_SUSPICIOUS_MOVE = YES;
				CLANG_WARN_UNGUARDED_AVAILABILITY = YES_AGGRESSIVE;
				CLANG_WARN_UNREACHABLE_CODE = YES;
				CLANG_WARN__DUPLICATE_METHOD_MATCH = YES;
				CODE_SIGN_IDENTITY = "iPhone Developer";
				COPY_PHASE_STRIP = NO;
				DEBUG_INFORMATION_FORMAT = "dwarf-with-dsym";
				ENABLE_NS_ASSERTIONS = NO;
				ENABLE_STRICT_OBJC_MSGSEND = YES;
				GCC_C_LANGUAGE_STANDARD = gnu11;
				GCC_NO_COMMON_BLOCKS = YES;
				GCC_WARN_64_TO_32_BIT_CONVERSION = YES;
				GCC_WARN_ABOUT_RETURN_TYPE = YES_ERROR;
				GCC_WARN_UNDECLARED_SELECTOR = YES;
				GCC_WARN_UNINITIALIZED_AUTOS = YES_AGGRESSIVE;
				GCC_WARN_UNUSED_FUNCTION = YES;
				GCC_WARN_UNUSED_VARIABLE = YES;
				IPHONEOS_DEPLOYMENT_TARGET = 12.2;
				MTL_ENABLE_DEBUG_INFO = NO;
				MTL_FAST_MATH = YES;
				SDKROOT = iphoneos;
				VALIDATE_PRODUCT = YES;
			};
			name = Release;
		};
		4835160C226A2A3600547968 /* Debug */ = {
			isa = XCBuildConfiguration;
			buildSettings = {
				ASSETCATALOG_COMPILER_APPICON_NAME = AppIcon;
				CODE_SIGN_STYLE = Automatic;
				DEVELOPMENT_TEAM = 5F3P75AV37;
				INFOPLIST_FILE = URLSchemeHandlerTest/Info.plist;
				LD_RUNPATH_SEARCH_PATHS = (
					"$(inherited)",
					"@executable_path/Frameworks",
				);
				PRODUCT_BUNDLE_IDENTIFIER = me.hite.app.URLSchemeHandlerTest;
				PRODUCT_NAME = "$(TARGET_NAME)";
				TARGETED_DEVICE_FAMILY = "1,2";
			};
			name = Debug;
		};
		4835160D226A2A3600547968 /* Release */ = {
			isa = XCBuildConfiguration;
			buildSettings = {
				ASSETCATALOG_COMPILER_APPICON_NAME = AppIcon;
				CODE_SIGN_STYLE = Automatic;
				DEVELOPMENT_TEAM = 5F3P75AV37;
				INFOPLIST_FILE = URLSchemeHandlerTest/Info.plist;
				LD_RUNPATH_SEARCH_PATHS = (
					"$(inherited)",
					"@executable_path/Frameworks",
				);
				PRODUCT_BUNDLE_IDENTIFIER = me.hite.app.URLSchemeHandlerTest;
				PRODUCT_NAME = "$(TARGET_NAME)";
				TARGETED_DEVICE_FAMILY = "1,2";
			};
			name = Release;
		};
/* End XCBuildConfiguration section */

/* Begin XCConfigurationList section */
		483515F0226A2A3400547968 /* Build configuration list for PBXProject "URLSchemeHandlerTest" */ = {
			isa = XCConfigurationList;
			buildConfigurations = (
				48351609226A2A3600547968 /* Debug */,
				4835160A226A2A3600547968 /* Release */,
			);
			defaultConfigurationIsVisible = 0;
			defaultConfigurationName = Release;
		};
		4835160B226A2A3600547968 /* Build configuration list for PBXNativeTarget "URLSchemeHandlerTest" */ = {
			isa = XCConfigurationList;
			buildConfigurations = (
				4835160C226A2A3600547968 /* Debug */,
				4835160D226A2A3600547968 /* Release */,
			);
			defaultConfigurationIsVisible = 0;
			defaultConfigurationName = Release;
		};
/* End XCConfigurationList section */
	};
	rootObject = 483515ED226A2A3400547968 /* Project object */;
}
